<?xml version="1.0" encoding="utf-8"?>
<Project ToolsVersion="4.0" xmlns="http://schemas.microsoft.com/developer/msbuild/2003">
  <ItemGroup>
    <Filter Include="Header Files">
      <UniqueIdentifier>{4F970064-8BE2-4CF6-A482-75F241F8FA74}</UniqueIdentifier>
    </Filter>
    <Filter Include="Source Files">
      <UniqueIdentifier>{7E7B9F07-79D8-41E8-B0C2-9CB17FBA28E2}</UniqueIdentifier>
    </Filter>
    <Filter Include="Resource Files">
      <UniqueIdentifier>{8F260492-74CE-4CB0-9E68-0E8C09F41E16}</UniqueIdentifier>
    </Filter>
  </ItemGroup>
  <ItemGroup>
    <ClInclude Include="include\DuplicateDetector.h">
      <Filter>Header Files</Filter>
    </ClInclude>
    <ClInclude Include="include\MetadataReader.h">
      <Filter>Header Files</Filter>
    </ClInclude>
    <ClInclude Include="include\PluginRecord.h">
      <Filter>Header Files</Filter>
    </ClInclude>
    <ClInclude Include="include\PluginUserPrefs.h">
      <Filter>Header Files</Filter>
    </ClInclude>
    <ClInclude Include="include\ReportWriter.h">
      <Filter>Header Files</Filter>
    </ClInclude>
    <ClInclude Include="include\ScannerEngine.h">
      <Filter>Header Files</Filter>
    </ClInclude>
    <ClInclude Include="include\StringUtil.h">
      <Filter>Header Files</Filter>
    </ClInclude>
    <ClInclude Include="resource.h">
      <Filter>Header Files</Filter>
    </ClInclude>
  </ItemGroup>
  <ItemGroup>
    <ClCompile Include="src\DuplicateDetector.cpp">
      <Filter>Source Files</Filter>
    </ClCompile>
    <ClCompile Include="src\MetadataReader.cpp">
      <Filter>Source Files</Filter>
    </ClCompile>
    <ClCompile Include="src\PluginUserPrefs.cpp">
      <Filter>Source Files</Filter>
    </ClCompile>
    <ClCompile Include="src\ReportWriter.cpp">
      <Filter>Source Files</Filter>
    </ClCompile>
    <ClCompile Include="src\ScannerEngine.cpp">
      <Filter>Source Files</Filter>
    </ClCompile>
    <ClCompile Include="src\StringUtil.cpp">
      <Filter>Source Files</Filter>
    </ClCompile>
    <ClCompile Include="src\main.cpp">
      <Filter>Source Files</Filter>
    </ClCompile>
  </ItemGroup>
  <ItemGroup>
    <ResourceCompile Include="VstPluginScanner.rc">
      <Filter>Resource Files</Filter>
    </ResourceCompile>
  </ItemGroup>
  <ItemGroup>
    <None Include="plugin_rules_userprefs.json">
      <Filter>Resource Files</Filter>
    </None>
  </ItemGroup>
</Project>
